{
  "name": "aa",
  "version": "1.0.0",
  "lockfileVersion": 1,
  "requires": true,
  "dependencies": {
    "@types/jquery": {
      "version": "3.3.5",
      "resolved": "https://registry.npmjs.org/@types/jquery/-/jquery-3.3.5.tgz",
      "integrity": "sha512-18OnkBZ+9pOx8grC2w4i256VS+9j/Ya/N0DcWkZRgPrg7V2oolgk8n7790goBlnChL6nIXAXy1lBTrz/r4lJTg=="
    },
    "jquery": {
      "version": "3.3.1",
      "resolved": "https://registry.npmjs.org/jquery/-/jquery-3.3.1.tgz",
      "integrity": "sha512-Ubldcmxp5np52/ENotGxlLe6aGMvmF4R8S6tZjsP6Knsaxd/xp3Zrh50cG93lR6nPXyUFwzN3ZSOQI0wRJNdGg=="
    },
    "systemjs": {
      "version": "0.21.4",
      "resolved": "https://registry.npmjs.org/systemjs/-/systemjs-0.21.4.tgz",
      "integrity": "sha512-l1O8boHjAIY5UG74Xk4B63LK9QbFxv/FkQa//GGGWaTeQoMhTsWnFrYwPWBScSF4xQFMO/+v9QB4i633h8Oytw=="
    },
    "typescript": {
      "version": "3.0.1",
      "resolved": "https://registry.npmjs.org/typescript/-/typescript-3.0.1.tgz",
      "integrity": "sha512-zQIMOmC+372pC/CCVLqnQ0zSBiY7HHodU7mpQdjiZddek4GMj31I3dUJ7gAs9o65X7mnRma6OokOkc6f9jjfBg==",
      "dev": true
    }
  }
}
